PODS:
  - Kingfisher (4.10.1)
  - Swinject (2.7.1)

DEPENDENCIES:
  - Kingfisher
  - Swinject

SPEC REPOS:
  trunk:
    - Kingfisher
    - Swinject

SPEC CHECKSUMS:
  Kingfisher: c148cd7b47ebde9989f6bc7c27dcaa79d81279a0
  Swinject: ddf78b8486dd9b71a667b852cad919ab4484478e

PODFILE CHECKSUM: 35d9b40099c785f2e798a363433b6641a55ce033

COCOAPODS: 1.9.3
