// !$*UTF8*$!
{
	archiveVersion = 1;
	classes = {
	};
	objectVersion = 51;
	objects = {

/* Begin PBXBuildFile section */
		1E18D91E0E09761F1A2CC895 /* Pods_TecnicalTest_TecnicalTestUITests.framework in Frameworks */ = {isa = PBXBuildFile; fileRef = 7DFFBC66FBC9421E193AF5A8 /* Pods_TecnicalTest_TecnicalTestUITests.framework */; };
		5D3DB9CF25E9ABEC0083003A /* AppDelegate.swift in Sources */ = {isa = PBXBuildFile; fileRef = 5D3DB9CE25E9ABEC0083003A /* AppDelegate.swift */; };
		5D3DB9D125E9ABEC0083003A /* SceneDelegate.swift in Sources */ = {isa = PBXBuildFile; fileRef = 5D3DB9D025E9ABEC0083003A /* SceneDelegate.swift */; };
		5D3DB9D325E9ABEC0083003A /* ViewController.swift in Sources */ = {isa = PBXBuildFile; fileRef = 5D3DB9D225E9ABEC0083003A /* ViewController.swift */; };
		5D3DB9D825E9ABED0083003A /* Assets.xcassets in Resources */ = {isa = PBXBuildFile; fileRef = 5D3DB9D725E9ABED0083003A /* Assets.xcassets */; };
		5D3DB9DB25E9ABED0083003A /* LaunchScreen.storyboard in Resources */ = {isa = PBXBuildFile; fileRef = 5D3DB9D925E9ABED0083003A /* LaunchScreen.storyboard */; };
		5D3DB9E625E9ABED0083003A /* TecnicalTestTests.swift in Sources */ = {isa = PBXBuildFile; fileRef = 5D3DB9E525E9ABED0083003A /* TecnicalTestTests.swift */; };
		5D3DB9F125E9ABED0083003A /* TecnicalTestUITests.swift in Sources */ = {isa = PBXBuildFile; fileRef = 5D3DB9F025E9ABED0083003A /* TecnicalTestUITests.swift */; };
		5D3DBA2125E9B2130083003A /* Breed.swift in Sources */ = {isa = PBXBuildFile; fileRef = 5D3DBA2025E9B2130083003A /* Breed.swift */; };
		5D3DBA2625E9B2D50083003A /* RepositoriesModule.swift in Sources */ = {isa = PBXBuildFile; fileRef = 5D3DBA2525E9B2D50083003A /* RepositoriesModule.swift */; };
		5D3DBA3A25E9B58A0083003A /* BaseRepositoryRemote.swift in Sources */ = {isa = PBXBuildFile; fileRef = 5D3DBA3925E9B58A0083003A /* BaseRepositoryRemote.swift */; };
		5D3DBA3F25E9B5CF0083003A /* NetworkError.swift in Sources */ = {isa = PBXBuildFile; fileRef = 5D3DBA3E25E9B5CF0083003A /* NetworkError.swift */; };
		5D3DBA4425E9B5F80083003A /* Constantes.swift in Sources */ = {isa = PBXBuildFile; fileRef = 5D3DBA4325E9B5F80083003A /* Constantes.swift */; };
		5D3DBA5125E9B87B0083003A /* BreedRemoteRepository.swift in Sources */ = {isa = PBXBuildFile; fileRef = 5D3DBA5025E9B87B0083003A /* BreedRemoteRepository.swift */; };
		5D3DBA5925E9B8B90083003A /* BreedRemoteRepositoryProtocol.swift in Sources */ = {isa = PBXBuildFile; fileRef = 5D3DBA5825E9B8B90083003A /* BreedRemoteRepositoryProtocol.swift */; };
		5D3DBA6825E9BB760083003A /* BreedInitRepository.swift in Sources */ = {isa = PBXBuildFile; fileRef = 5D3DBA6725E9BB760083003A /* BreedInitRepository.swift */; };
		5D3DBA7025E9E2BF0083003A /* BreedViewModel.swift in Sources */ = {isa = PBXBuildFile; fileRef = 5D3DBA6F25E9E2BF0083003A /* BreedViewModel.swift */; };
		8489AE5CCA7658D9ABE5BE9B /* Pods_TecnicalTestTests.framework in Frameworks */ = {isa = PBXBuildFile; fileRef = 6CB56DA835AE0B906BC43023 /* Pods_TecnicalTestTests.framework */; };
		9082534FCB3AAAA11068AE2D /* Pods_TecnicalTest.framework in Frameworks */ = {isa = PBXBuildFile; fileRef = 071D12D25F7C00EB43E28F00 /* Pods_TecnicalTest.framework */; };
/* End PBXBuildFile section */

/* Begin PBXContainerItemProxy section */
		5D3DB9E225E9ABED0083003A /* PBXContainerItemProxy */ = {
			isa = PBXContainerItemProxy;
			containerPortal = 5D3DB9C325E9ABEC0083003A /* Project object */;
			proxyType = 1;
			remoteGlobalIDString = 5D3DB9CA25E9ABEC0083003A;
			remoteInfo = TecnicalTest;
		};
		5D3DB9ED25E9ABED0083003A /* PBXContainerItemProxy */ = {
			isa = PBXContainerItemProxy;
			containerPortal = 5D3DB9C325E9ABEC0083003A /* Project object */;
			proxyType = 1;
			remoteGlobalIDString = 5D3DB9CA25E9ABEC0083003A;
			remoteInfo = TecnicalTest;
		};
/* End PBXContainerItemProxy section */

/* Begin PBXFileReference section */
		071D12D25F7C00EB43E28F00 /* Pods_TecnicalTest.framework */ = {isa = PBXFileReference; explicitFileType = wrapper.framework; includeInIndex = 0; path = Pods_TecnicalTest.framework; sourceTree = BUILT_PRODUCTS_DIR; };
		144CE17DDEEE2FD41993D59D /* Pods-TecnicalTest.debug.xcconfig */ = {isa = PBXFileReference; includeInIndex = 1; lastKnownFileType = text.xcconfig; name = "Pods-TecnicalTest.debug.xcconfig"; path = "Target Support Files/Pods-TecnicalTest/Pods-TecnicalTest.debug.xcconfig"; sourceTree = "<group>"; };
		1A994ED7D80E0F7A05E30743 /* Pods-TecnicalTest-TecnicalTestUITests.debug.xcconfig */ = {isa = PBXFileReference; includeInIndex = 1; lastKnownFileType = text.xcconfig; name = "Pods-TecnicalTest-TecnicalTestUITests.debug.xcconfig"; path = "Target Support Files/Pods-TecnicalTest-TecnicalTestUITests/Pods-TecnicalTest-TecnicalTestUITests.debug.xcconfig"; sourceTree = "<group>"; };
		41159733496ED61CFC8FA0C4 /* Pods-TecnicalTest.release.xcconfig */ = {isa = PBXFileReference; includeInIndex = 1; lastKnownFileType = text.xcconfig; name = "Pods-TecnicalTest.release.xcconfig"; path = "Target Support Files/Pods-TecnicalTest/Pods-TecnicalTest.release.xcconfig"; sourceTree = "<group>"; };
		5D3DB9CB25E9ABEC0083003A /* TecnicalTest.app */ = {isa = PBXFileReference; explicitFileType = wrapper.application; includeInIndex = 0; path = TecnicalTest.app; sourceTree = BUILT_PRODUCTS_DIR; };
		5D3DB9CE25E9ABEC0083003A /* AppDelegate.swift */ = {isa = PBXFileReference; lastKnownFileType = sourcecode.swift; path = AppDelegate.swift; sourceTree = "<group>"; };
		5D3DB9D025E9ABEC0083003A /* SceneDelegate.swift */ = {isa = PBXFileReference; lastKnownFileType = sourcecode.swift; path = SceneDelegate.swift; sourceTree = "<group>"; };
		5D3DB9D225E9ABEC0083003A /* ViewController.swift */ = {isa = PBXFileReference; lastKnownFileType = sourcecode.swift; path = ViewController.swift; sourceTree = "<group>"; };
		5D3DB9D725E9ABED0083003A /* Assets.xcassets */ = {isa = PBXFileReference; lastKnownFileType = folder.assetcatalog; path = Assets.xcassets; sourceTree = "<group>"; };
		5D3DB9DA25E9ABED0083003A /* Base */ = {isa = PBXFileReference; lastKnownFileType = file.storyboard; name = Base; path = Base.lproj/LaunchScreen.storyboard; sourceTree = "<group>"; };
		5D3DB9DC25E9ABED0083003A /* Info.plist */ = {isa = PBXFileReference; lastKnownFileType = text.plist.xml; path = Info.plist; sourceTree = "<group>"; };
		5D3DB9E125E9ABED0083003A /* TecnicalTestTests.xctest */ = {isa = PBXFileReference; explicitFileType = wrapper.cfbundle; includeInIndex = 0; path = TecnicalTestTests.xctest; sourceTree = BUILT_PRODUCTS_DIR; };
		5D3DB9E525E9ABED0083003A /* TecnicalTestTests.swift */ = {isa = PBXFileReference; lastKnownFileType = sourcecode.swift; path = TecnicalTestTests.swift; sourceTree = "<group>"; };
		5D3DB9E725E9ABED0083003A /* Info.plist */ = {isa = PBXFileReference; lastKnownFileType = text.plist.xml; path = Info.plist; sourceTree = "<group>"; };
		5D3DB9EC25E9ABED0083003A /* TecnicalTestUITests.xctest */ = {isa = PBXFileReference; explicitFileType = wrapper.cfbundle; includeInIndex = 0; path = TecnicalTestUITests.xctest; sourceTree = BUILT_PRODUCTS_DIR; };
		5D3DB9F025E9ABED0083003A /* TecnicalTestUITests.swift */ = {isa = PBXFileReference; lastKnownFileType = sourcecode.swift; path = TecnicalTestUITests.swift; sourceTree = "<group>"; };
		5D3DB9F225E9ABED0083003A /* Info.plist */ = {isa = PBXFileReference; lastKnownFileType = text.plist.xml; path = Info.plist; sourceTree = "<group>"; };
		5D3DBA2025E9B2130083003A /* Breed.swift */ = {isa = PBXFileReference; lastKnownFileType = sourcecode.swift; path = Breed.swift; sourceTree = "<group>"; };
		5D3DBA2525E9B2D50083003A /* RepositoriesModule.swift */ = {isa = PBXFileReference; lastKnownFileType = sourcecode.swift; path = RepositoriesModule.swift; sourceTree = "<group>"; };
		5D3DBA3925E9B58A0083003A /* BaseRepositoryRemote.swift */ = {isa = PBXFileReference; lastKnownFileType = sourcecode.swift; path = BaseRepositoryRemote.swift; sourceTree = "<group>"; };
		5D3DBA3E25E9B5CF0083003A /* NetworkError.swift */ = {isa = PBXFileReference; lastKnownFileType = sourcecode.swift; path = NetworkError.swift; sourceTree = "<group>"; };
		5D3DBA4325E9B5F80083003A /* Constantes.swift */ = {isa = PBXFileReference; lastKnownFileType = sourcecode.swift; path = Constantes.swift; sourceTree = "<group>"; };
		5D3DBA5025E9B87B0083003A /* BreedRemoteRepository.swift */ = {isa = PBXFileReference; lastKnownFileType = sourcecode.swift; path = BreedRemoteRepository.swift; sourceTree = "<group>"; };
		5D3DBA5825E9B8B90083003A /* BreedRemoteRepositoryProtocol.swift */ = {isa = PBXFileReference; lastKnownFileType = sourcecode.swift; path = BreedRemoteRepositoryProtocol.swift; sourceTree = "<group>"; };
		5D3DBA6725E9BB760083003A /* BreedInitRepository.swift */ = {isa = PBXFileReference; lastKnownFileType = sourcecode.swift; path = BreedInitRepository.swift; sourceTree = "<group>"; };
		5D3DBA6F25E9E2BF0083003A /* BreedViewModel.swift */ = {isa = PBXFileReference; lastKnownFileType = sourcecode.swift; path = BreedViewModel.swift; sourceTree = "<group>"; };
		6CB56DA835AE0B906BC43023 /* Pods_TecnicalTestTests.framework */ = {isa = PBXFileReference; explicitFileType = wrapper.framework; includeInIndex = 0; path = Pods_TecnicalTestTests.framework; sourceTree = BUILT_PRODUCTS_DIR; };
		7DFFBC66FBC9421E193AF5A8 /* Pods_TecnicalTest_TecnicalTestUITests.framework */ = {isa = PBXFileReference; explicitFileType = wrapper.framework; includeInIndex = 0; path = Pods_TecnicalTest_TecnicalTestUITests.framework; sourceTree = BUILT_PRODUCTS_DIR; };
		846E7ABEAFF7FB21A09B0824 /* Pods-TecnicalTestTests.debug.xcconfig */ = {isa = PBXFileReference; includeInIndex = 1; lastKnownFileType = text.xcconfig; name = "Pods-TecnicalTestTests.debug.xcconfig"; path = "Target Support Files/Pods-TecnicalTestTests/Pods-TecnicalTestTests.debug.xcconfig"; sourceTree = "<group>"; };
		BCF23942DBEFF5514F0DCC92 /* Pods-TecnicalTestTests.release.xcconfig */ = {isa = PBXFileReference; includeInIndex = 1; lastKnownFileType = text.xcconfig; name = "Pods-TecnicalTestTests.release.xcconfig"; path = "Target Support Files/Pods-TecnicalTestTests/Pods-TecnicalTestTests.release.xcconfig"; sourceTree = "<group>"; };
		FBF01BD6AA36255C7D66A112 /* Pods-TecnicalTest-TecnicalTestUITests.release.xcconfig */ = {isa = PBXFileReference; includeInIndex = 1; lastKnownFileType = text.xcconfig; name = "Pods-TecnicalTest-TecnicalTestUITests.release.xcconfig"; path = "Target Support Files/Pods-TecnicalTest-TecnicalTestUITests/Pods-TecnicalTest-TecnicalTestUITests.release.xcconfig"; sourceTree = "<group>"; };
/* End PBXFileReference section */

/* Begin PBXFrameworksBuildPhase section */
		5D3DB9C825E9ABEC0083003A /* Frameworks */ = {
			isa = PBXFrameworksBuildPhase;
			buildActionMask = 2147483647;
			files = (
				9082534FCB3AAAA11068AE2D /* Pods_TecnicalTest.framework in Frameworks */,
			);
			runOnlyForDeploymentPostprocessing = 0;
		};
		5D3DB9DE25E9ABED0083003A /* Frameworks */ = {
			isa = PBXFrameworksBuildPhase;
			buildActionMask = 2147483647;
			files = (
				8489AE5CCA7658D9ABE5BE9B /* Pods_TecnicalTestTests.framework in Frameworks */,
			);
			runOnlyForDeploymentPostprocessing = 0;
		};
		5D3DB9E925E9ABED0083003A /* Frameworks */ = {
			isa = PBXFrameworksBuildPhase;
			buildActionMask = 2147483647;
			files = (
				1E18D91E0E09761F1A2CC895 /* Pods_TecnicalTest_TecnicalTestUITests.framework in Frameworks */,
			);
			runOnlyForDeploymentPostprocessing = 0;
		};
/* End PBXFrameworksBuildPhase section */

/* Begin PBXGroup section */
		3974AACBC1989389ADCA3734 /* Pods */ = {
			isa = PBXGroup;
			children = (
				144CE17DDEEE2FD41993D59D /* Pods-TecnicalTest.debug.xcconfig */,
				41159733496ED61CFC8FA0C4 /* Pods-TecnicalTest.release.xcconfig */,
				1A994ED7D80E0F7A05E30743 /* Pods-TecnicalTest-TecnicalTestUITests.debug.xcconfig */,
				FBF01BD6AA36255C7D66A112 /* Pods-TecnicalTest-TecnicalTestUITests.release.xcconfig */,
				846E7ABEAFF7FB21A09B0824 /* Pods-TecnicalTestTests.debug.xcconfig */,
				BCF23942DBEFF5514F0DCC92 /* Pods-TecnicalTestTests.release.xcconfig */,
			);
			path = Pods;
			sourceTree = "<group>";
		};
		5D3DB9C225E9ABEC0083003A = {
			isa = PBXGroup;
			children = (
				5D3DB9CD25E9ABEC0083003A /* TecnicalTest */,
				5D3DB9E425E9ABED0083003A /* TecnicalTestTests */,
				5D3DB9EF25E9ABED0083003A /* TecnicalTestUITests */,
				5D3DB9CC25E9ABEC0083003A /* Products */,
				3974AACBC1989389ADCA3734 /* Pods */,
				8D6E2B18109F7EFF4460DB64 /* Frameworks */,
			);
			sourceTree = "<group>";
		};
		5D3DB9CC25E9ABEC0083003A /* Products */ = {
			isa = PBXGroup;
			children = (
				5D3DB9CB25E9ABEC0083003A /* TecnicalTest.app */,
				5D3DB9E125E9ABED0083003A /* TecnicalTestTests.xctest */,
				5D3DB9EC25E9ABED0083003A /* TecnicalTestUITests.xctest */,
			);
			name = Products;
			sourceTree = "<group>";
		};
		5D3DB9CD25E9ABEC0083003A /* TecnicalTest */ = {
			isa = PBXGroup;
			children = (
				5D3DB9D725E9ABED0083003A /* Assets.xcassets */,
				5D3DBA1725E9B0B30083003A /* App */,
				5D3DBA1C25E9B1180083003A /* Extension */,
				5D3DBA1A25E9B0C60083003A /* Repository */,
				5D3DBA1825E9B0B90083003A /* View */,
				5D3DBA1B25E9B0EC0083003A /* ViewModel */,
				5D3DBA1925E9B0BF0083003A /* Model */,
				5D3DB9D925E9ABED0083003A /* LaunchScreen.storyboard */,
				5D3DB9DC25E9ABED0083003A /* Info.plist */,
			);
			path = TecnicalTest;
			sourceTree = "<group>";
		};
		5D3DB9E425E9ABED0083003A /* TecnicalTestTests */ = {
			isa = PBXGroup;
			children = (
				5D3DB9E525E9ABED0083003A /* TecnicalTestTests.swift */,
				5D3DB9E725E9ABED0083003A /* Info.plist */,
			);
			path = TecnicalTestTests;
			sourceTree = "<group>";
		};
		5D3DB9EF25E9ABED0083003A /* TecnicalTestUITests */ = {
			isa = PBXGroup;
			children = (
				5D3DB9F025E9ABED0083003A /* TecnicalTestUITests.swift */,
				5D3DB9F225E9ABED0083003A /* Info.plist */,
			);
			path = TecnicalTestUITests;
			sourceTree = "<group>";
		};
		5D3DBA1725E9B0B30083003A /* App */ = {
			isa = PBXGroup;
			children = (
				5D3DB9CE25E9ABEC0083003A /* AppDelegate.swift */,
				5D3DB9D025E9ABEC0083003A /* SceneDelegate.swift */,
				5D3DBA2525E9B2D50083003A /* RepositoriesModule.swift */,
			);
			path = App;
			sourceTree = "<group>";
		};
		5D3DBA1825E9B0B90083003A /* View */ = {
			isa = PBXGroup;
			children = (
				5D3DB9D225E9ABEC0083003A /* ViewController.swift */,
			);
			path = View;
			sourceTree = "<group>";
		};
		5D3DBA1925E9B0BF0083003A /* Model */ = {
			isa = PBXGroup;
			children = (
				5D3DBA2025E9B2130083003A /* Breed.swift */,
			);
			path = Model;
			sourceTree = "<group>";
		};
		5D3DBA1A25E9B0C60083003A /* Repository */ = {
			isa = PBXGroup;
			children = (
				5D3DBA2D25E9B5550083003A /* Base */,
				5D3DBA4F25E9B85E0083003A /* Breeds */,
				5D3DBA6725E9BB760083003A /* BreedInitRepository.swift */,
			);
			path = Repository;
			sourceTree = "<group>";
		};
		5D3DBA1B25E9B0EC0083003A /* ViewModel */ = {
			isa = PBXGroup;
			children = (
				5D3DBA6F25E9E2BF0083003A /* BreedViewModel.swift */,
			);
			path = ViewModel;
			sourceTree = "<group>";
		};
		5D3DBA1C25E9B1180083003A /* Extension */ = {
			isa = PBXGroup;
			children = (
			);
			path = Extension;
			sourceTree = "<group>";
		};
		5D3DBA2D25E9B5550083003A /* Base */ = {
			isa = PBXGroup;
			children = (
				5D3DBA3925E9B58A0083003A /* BaseRepositoryRemote.swift */,
				5D3DBA3E25E9B5CF0083003A /* NetworkError.swift */,
				5D3DBA4325E9B5F80083003A /* Constantes.swift */,
			);
			path = Base;
			sourceTree = "<group>";
		};
		5D3DBA4F25E9B85E0083003A /* Breeds */ = {
			isa = PBXGroup;
			children = (
				5D3DBA5025E9B87B0083003A /* BreedRemoteRepository.swift */,
				5D3DBA5825E9B8B90083003A /* BreedRemoteRepositoryProtocol.swift */,
			);
			path = Breeds;
			sourceTree = "<group>";
		};
		8D6E2B18109F7EFF4460DB64 /* Frameworks */ = {
			isa = PBXGroup;
			children = (
				071D12D25F7C00EB43E28F00 /* Pods_TecnicalTest.framework */,
				7DFFBC66FBC9421E193AF5A8 /* Pods_TecnicalTest_TecnicalTestUITests.framework */,
				6CB56DA835AE0B906BC43023 /* Pods_TecnicalTestTests.framework */,
			);
			name = Frameworks;
			sourceTree = "<group>";
		};
/* End PBXGroup section */

/* Begin PBXNativeTarget section */
		5D3DB9CA25E9ABEC0083003A /* TecnicalTest */ = {
			isa = PBXNativeTarget;
			buildConfigurationList = 5D3DB9F525E9ABED0083003A /* Build configuration list for PBXNativeTarget "TecnicalTest" */;
			buildPhases = (
				AE23FE3317ED3B13080001D8 /* [CP] Check Pods Manifest.lock */,
				5D3DB9C725E9ABEC0083003A /* Sources */,
				5D3DB9C825E9ABEC0083003A /* Frameworks */,
				5D3DB9C925E9ABEC0083003A /* Resources */,
				5FFB18FF8A0608A2C1A02D97 /* [CP] Embed Pods Frameworks */,
			);
			buildRules = (
			);
			dependencies = (
			);
			name = TecnicalTest;
			productName = TecnicalTest;
			productReference = 5D3DB9CB25E9ABEC0083003A /* TecnicalTest.app */;
			productType = "com.apple.product-type.application";
		};
		5D3DB9E025E9ABED0083003A /* TecnicalTestTests */ = {
			isa = PBXNativeTarget;
			buildConfigurationList = 5D3DB9F825E9ABED0083003A /* Build configuration list for PBXNativeTarget "TecnicalTestTests" */;
			buildPhases = (
				CC28B6B0AD535C6AB92773E7 /* [CP] Check Pods Manifest.lock */,
				5D3DB9DD25E9ABED0083003A /* Sources */,
				5D3DB9DE25E9ABED0083003A /* Frameworks */,
				5D3DB9DF25E9ABED0083003A /* Resources */,
			);
			buildRules = (
			);
			dependencies = (
				5D3DB9E325E9ABED0083003A /* PBXTargetDependency */,
			);
			name = TecnicalTestTests;
			productName = TecnicalTestTests;
			productReference = 5D3DB9E125E9ABED0083003A /* TecnicalTestTests.xctest */;
			productType = "com.apple.product-type.bundle.unit-test";
		};
		5D3DB9EB25E9ABED0083003A /* TecnicalTestUITests */ = {
			isa = PBXNativeTarget;
			buildConfigurationList = 5D3DB9FB25E9ABED0083003A /* Build configuration list for PBXNativeTarget "TecnicalTestUITests" */;
			buildPhases = (
				80B0F893DFD89AAECFB43C97 /* [CP] Check Pods Manifest.lock */,
				5D3DB9E825E9ABED0083003A /* Sources */,
				5D3DB9E925E9ABED0083003A /* Frameworks */,
				5D3DB9EA25E9ABED0083003A /* Resources */,
				37316CE8498509DD549F62A3 /* [CP] Embed Pods Frameworks */,
			);
			buildRules = (
			);
			dependencies = (
				5D3DB9EE25E9ABED0083003A /* PBXTargetDependency */,
			);
			name = TecnicalTestUITests;
			productName = TecnicalTestUITests;
			productReference = 5D3DB9EC25E9ABED0083003A /* TecnicalTestUITests.xctest */;
			productType = "com.apple.product-type.bundle.ui-testing";
		};
/* End PBXNativeTarget section */

/* Begin PBXProject section */
		5D3DB9C325E9ABEC0083003A /* Project object */ = {
			isa = PBXProject;
			attributes = {
				LastSwiftUpdateCheck = 1230;
				LastUpgradeCheck = 1230;
				TargetAttributes = {
					5D3DB9CA25E9ABEC0083003A = {
						CreatedOnToolsVersion = 12.3;
					};
					5D3DB9E025E9ABED0083003A = {
						CreatedOnToolsVersion = 12.3;
						TestTargetID = 5D3DB9CA25E9ABEC0083003A;
					};
					5D3DB9EB25E9ABED0083003A = {
						CreatedOnToolsVersion = 12.3;
						TestTargetID = 5D3DB9CA25E9ABEC0083003A;
					};
				};
			};
			buildConfigurationList = 5D3DB9C625E9ABEC0083003A /* Build configuration list for PBXProject "TecnicalTest" */;
			compatibilityVersion = "Xcode 9.3";
			developmentRegion = en;
			hasScannedForEncodings = 0;
			knownRegions = (
				en,
				Base,
			);
			mainGroup = 5D3DB9C225E9ABEC0083003A;
			productRefGroup = 5D3DB9CC25E9ABEC0083003A /* Products */;
			projectDirPath = "";
			projectRoot = "";
			targets = (
				5D3DB9CA25E9ABEC0083003A /* TecnicalTest */,
				5D3DB9E025E9ABED0083003A /* TecnicalTestTests */,
				5D3DB9EB25E9ABED0083003A /* TecnicalTestUITests */,
			);
		};
/* End PBXProject section */

/* Begin PBXResourcesBuildPhase section */
		5D3DB9C925E9ABEC0083003A /* Resources */ = {
			isa = PBXResourcesBuildPhase;
			buildActionMask = 2147483647;
			files = (
				5D3DB9DB25E9ABED0083003A /* LaunchScreen.storyboard in Resources */,
				5D3DB9D825E9ABED0083003A /* Assets.xcassets in Resources */,
			);
			runOnlyForDeploymentPostprocessing = 0;
		};
		5D3DB9DF25E9ABED0083003A /* Resources */ = {
			isa = PBXResourcesBuildPhase;
			buildActionMask = 2147483647;
			files = (
			);
			runOnlyForDeploymentPostprocessing = 0;
		};
		5D3DB9EA25E9ABED0083003A /* Resources */ = {
			isa = PBXResourcesBuildPhase;
			buildActionMask = 2147483647;
			files = (
			);
			runOnlyForDeploymentPostprocessing = 0;
		};
/* End PBXResourcesBuildPhase section */

/* Begin PBXShellScriptBuildPhase section */
		37316CE8498509DD549F62A3 /* [CP] Embed Pods Frameworks */ = {
			isa = PBXShellScriptBuildPhase;
			buildActionMask = 2147483647;
			files = (
			);
			inputFileListPaths = (
				"${PODS_ROOT}/Target Support Files/Pods-TecnicalTest-TecnicalTestUITests/Pods-TecnicalTest-TecnicalTestUITests-frameworks-${CONFIGURATION}-input-files.xcfilelist",
			);
			name = "[CP] Embed Pods Frameworks";
			outputFileListPaths = (
				"${PODS_ROOT}/Target Support Files/Pods-TecnicalTest-TecnicalTestUITests/Pods-TecnicalTest-TecnicalTestUITests-frameworks-${CONFIGURATION}-output-files.xcfilelist",
			);
			runOnlyForDeploymentPostprocessing = 0;
			shellPath = /bin/sh;
			shellScript = "\"${PODS_ROOT}/Target Support Files/Pods-TecnicalTest-TecnicalTestUITests/Pods-TecnicalTest-TecnicalTestUITests-frameworks.sh\"\n";
			showEnvVarsInLog = 0;
		};
		5FFB18FF8A0608A2C1A02D97 /* [CP] Embed Pods Frameworks */ = {
			isa = PBXShellScriptBuildPhase;
			buildActionMask = 2147483647;
			files = (
			);
			inputFileListPaths = (
				"${PODS_ROOT}/Target Support Files/Pods-TecnicalTest/Pods-TecnicalTest-frameworks-${CONFIGURATION}-input-files.xcfilelist",
			);
			name = "[CP] Embed Pods Frameworks";
			outputFileListPaths = (
				"${PODS_ROOT}/Target Support Files/Pods-TecnicalTest/Pods-TecnicalTest-frameworks-${CONFIGURATION}-output-files.xcfilelist",
			);
			runOnlyForDeploymentPostprocessing = 0;
			shellPath = /bin/sh;
			shellScript = "\"${PODS_ROOT}/Target Support Files/Pods-TecnicalTest/Pods-TecnicalTest-frameworks.sh\"\n";
			showEnvVarsInLog = 0;
		};
		80B0F893DFD89AAECFB43C97 /* [CP] Check Pods Manifest.lock */ = {
			isa = PBXShellScriptBuildPhase;
			buildActionMask = 2147483647;
			files = (
			);
			inputFileListPaths = (
			);
			inputPaths = (
				"${PODS_PODFILE_DIR_PATH}/Podfile.lock",
				"${PODS_ROOT}/Manifest.lock",
			);
			name = "[CP] Check Pods Manifest.lock";
			outputFileListPaths = (
			);
			outputPaths = (
				"$(DERIVED_FILE_DIR)/Pods-TecnicalTest-TecnicalTestUITests-checkManifestLockResult.txt",
			);
			runOnlyForDeploymentPostprocessing = 0;
			shellPath = /bin/sh;
			shellScript = "diff \"${PODS_PODFILE_DIR_PATH}/Podfile.lock\" \"${PODS_ROOT}/Manifest.lock\" > /dev/null\nif [ $? != 0 ] ; then\n    # print error to STDERR\n    echo \"error: The sandbox is not in sync with the Podfile.lock. Run 'pod install' or update your CocoaPods installation.\" >&2\n    exit 1\nfi\n# This output is used by Xcode 'outputs' to avoid re-running this script phase.\necho \"SUCCESS\" > \"${SCRIPT_OUTPUT_FILE_0}\"\n";
			showEnvVarsInLog = 0;
		};
		AE23FE3317ED3B13080001D8 /* [CP] Check Pods Manifest.lock */ = {
			isa = PBXShellScriptBuildPhase;
			buildActionMask = 2147483647;
			files = (
			);
			inputFileListPaths = (
			);
			inputPaths = (
				"${PODS_PODFILE_DIR_PATH}/Podfile.lock",
				"${PODS_ROOT}/Manifest.lock",
			);
			name = "[CP] Check Pods Manifest.lock";
			outputFileListPaths = (
			);
			outputPaths = (
				"$(DERIVED_FILE_DIR)/Pods-TecnicalTest-checkManifestLockResult.txt",
			);
			runOnlyForDeploymentPostprocessing = 0;
			shellPath = /bin/sh;
			shellScript = "diff \"${PODS_PODFILE_DIR_PATH}/Podfile.lock\" \"${PODS_ROOT}/Manifest.lock\" > /dev/null\nif [ $? != 0 ] ; then\n    # print error to STDERR\n    echo \"error: The sandbox is not in sync with the Podfile.lock. Run 'pod install' or update your CocoaPods installation.\" >&2\n    exit 1\nfi\n# This output is used by Xcode 'outputs' to avoid re-running this script phase.\necho \"SUCCESS\" > \"${SCRIPT_OUTPUT_FILE_0}\"\n";
			showEnvVarsInLog = 0;
		};
		CC28B6B0AD535C6AB92773E7 /* [CP] Check Pods Manifest.lock */ = {
			isa = PBXShellScriptBuildPhase;
			buildActionMask = 2147483647;
			files = (
			);
			inputFileListPaths = (
			);
			inputPaths = (
				"${PODS_PODFILE_DIR_PATH}/Podfile.lock",
				"${PODS_ROOT}/Manifest.lock",
			);
			name = "[CP] Check Pods Manifest.lock";
			outputFileListPaths = (
			);
			outputPaths = (
				"$(DERIVED_FILE_DIR)/Pods-TecnicalTestTests-checkManifestLockResult.txt",
			);
			runOnlyForDeploymentPostprocessing = 0;
			shellPath = /bin/sh;
			shellScript = "diff \"${PODS_PODFILE_DIR_PATH}/Podfile.lock\" \"${PODS_ROOT}/Manifest.lock\" > /dev/null\nif [ $? != 0 ] ; then\n    # print error to STDERR\n    echo \"error: The sandbox is not in sync with the Podfile.lock. Run 'pod install' or update your CocoaPods installation.\" >&2\n    exit 1\nfi\n# This output is used by Xcode 'outputs' to avoid re-running this script phase.\necho \"SUCCESS\" > \"${SCRIPT_OUTPUT_FILE_0}\"\n";
			showEnvVarsInLog = 0;
		};
/* End PBXShellScriptBuildPhase section */

/* Begin PBXSourcesBuildPhase section */
		5D3DB9C725E9ABEC0083003A /* Sources */ = {
			isa = PBXSourcesBuildPhase;
			buildActionMask = 2147483647;
			files = (
				5D3DBA2125E9B2130083003A /* Breed.swift in Sources */,
				5D3DBA7025E9E2BF0083003A /* BreedViewModel.swift in Sources */,
				5D3DBA6825E9BB760083003A /* BreedInitRepository.swift in Sources */,
				5D3DBA3F25E9B5CF0083003A /* NetworkError.swift in Sources */,
				5D3DBA5925E9B8B90083003A /* BreedRemoteRepositoryProtocol.swift in Sources */,
				5D3DB9D325E9ABEC0083003A /* ViewController.swift in Sources */,
				5D3DBA2625E9B2D50083003A /* RepositoriesModule.swift in Sources */,
				5D3DB9CF25E9ABEC0083003A /* AppDelegate.swift in Sources */,
				5D3DBA4425E9B5F80083003A /* Constantes.swift in Sources */,
				5D3DBA3A25E9B58A0083003A /* BaseRepositoryRemote.swift in Sources */,
				5D3DB9D125E9ABEC0083003A /* SceneDelegate.swift in Sources */,
				5D3DBA5125E9B87B0083003A /* BreedRemoteRepository.swift in Sources */,
			);
			runOnlyForDeploymentPostprocessing = 0;
		};
		5D3DB9DD25E9ABED0083003A /* Sources */ = {
			isa = PBXSourcesBuildPhase;
			buildActionMask = 2147483647;
			files = (
				5D3DB9E625E9ABED0083003A /* TecnicalTestTests.swift in Sources */,
			);
			runOnlyForDeploymentPostprocessing = 0;
		};
		5D3DB9E825E9ABED0083003A /* Sources */ = {
			isa = PBXSourcesBuildPhase;
			buildActionMask = 2147483647;
			files = (
				5D3DB9F125E9ABED0083003A /* TecnicalTestUITests.swift in Sources */,
			);
			runOnlyForDeploymentPostprocessing = 0;
		};
/* End PBXSourcesBuildPhase section */

/* Begin PBXTargetDependency section */
		5D3DB9E325E9ABED0083003A /* PBXTargetDependency */ = {
			isa = PBXTargetDependency;
			target = 5D3DB9CA25E9ABEC0083003A /* TecnicalTest */;
			targetProxy = 5D3DB9E225E9ABED0083003A /* PBXContainerItemProxy */;
		};
		5D3DB9EE25E9ABED0083003A /* PBXTargetDependency */ = {
			isa = PBXTargetDependency;
			target = 5D3DB9CA25E9ABEC0083003A /* TecnicalTest */;
			targetProxy = 5D3DB9ED25E9ABED0083003A /* PBXContainerItemProxy */;
		};
/* End PBXTargetDependency section */

/* Begin PBXVariantGroup section */
		5D3DB9D925E9ABED0083003A /* LaunchScreen.storyboard */ = {
			isa = PBXVariantGroup;
			children = (
				5D3DB9DA25E9ABED0083003A /* Base */,
			);
			name = LaunchScreen.storyboard;
			sourceTree = "<group>";
		};
/* End PBXVariantGroup section */

/* Begin XCBuildConfiguration section */
		5D3DB9F325E9ABED0083003A /* Debug */ = {
			isa = XCBuildConfiguration;
			buildSettings = {
				ALWAYS_SEARCH_USER_PATHS = NO;
				CLANG_ANALYZER_NONNULL = YES;
				CLANG_ANALYZER_NUMBER_OBJECT_CONVERSION = YES_AGGRESSIVE;
				CLANG_CXX_LANGUAGE_STANDARD = "gnu++14";
				CLANG_CXX_LIBRARY = "libc++";
				CLANG_ENABLE_MODULES = YES;
				CLANG_ENABLE_OBJC_ARC = YES;
				CLANG_ENABLE_OBJC_WEAK = YES;
				CLANG_WARN_BLOCK_CAPTURE_AUTORELEASING = YES;
				CLANG_WARN_BOOL_CONVERSION = YES;
				CLANG_WARN_COMMA = YES;
				CLANG_WARN_CONSTANT_CONVERSION = YES;
				CLANG_WARN_DEPRECATED_OBJC_IMPLEMENTATIONS = YES;
				CLANG_WARN_DIRECT_OBJC_ISA_USAGE = YES_ERROR;
				CLANG_WARN_DOCUMENTATION_COMMENTS = YES;
				CLANG_WARN_EMPTY_BODY = YES;
				CLANG_WARN_ENUM_CONVERSION = YES;
				CLANG_WARN_INFINITE_RECURSION = YES;
				CLANG_WARN_INT_CONVERSION = YES;
				CLANG_WARN_NON_LITERAL_NULL_CONVERSION = YES;
				CLANG_WARN_OBJC_IMPLICIT_RETAIN_SELF = YES;
				CLANG_WARN_OBJC_LITERAL_CONVERSION = YES;
				CLANG_WARN_OBJC_ROOT_CLASS = YES_ERROR;
				CLANG_WARN_QUOTED_INCLUDE_IN_FRAMEWORK_HEADER = YES;
				CLANG_WARN_RANGE_LOOP_ANALYSIS = YES;
				CLANG_WARN_STRICT_PROTOTYPES = YES;
				CLANG_WARN_SUSPICIOUS_MOVE = YES;
				CLANG_WARN_UNGUARDED_AVAILABILITY = YES_AGGRESSIVE;
				CLANG_WARN_UNREACHABLE_CODE = YES;
				CLANG_WARN__DUPLICATE_METHOD_MATCH = YES;
				COPY_PHASE_STRIP = NO;
				DEBUG_INFORMATION_FORMAT = dwarf;
				ENABLE_STRICT_OBJC_MSGSEND = YES;
				ENABLE_TESTABILITY = YES;
				GCC_C_LANGUAGE_STANDARD = gnu11;
				GCC_DYNAMIC_NO_PIC = NO;
				GCC_NO_COMMON_BLOCKS = YES;
				GCC_OPTIMIZATION_LEVEL = 0;
				GCC_PREPROCESSOR_DEFINITIONS = (
					"DEBUG=1",
					"$(inherited)",
				);
				GCC_WARN_64_TO_32_BIT_CONVERSION = YES;
				GCC_WARN_ABOUT_RETURN_TYPE = YES_ERROR;
				GCC_WARN_UNDECLARED_SELECTOR = YES;
				GCC_WARN_UNINITIALIZED_AUTOS = YES_AGGRESSIVE;
				GCC_WARN_UNUSED_FUNCTION = YES;
				GCC_WARN_UNUSED_VARIABLE = YES;
				IPHONEOS_DEPLOYMENT_TARGET = 14.3;
				MTL_ENABLE_DEBUG_INFO = INCLUDE_SOURCE;
				MTL_FAST_MATH = YES;
				ONLY_ACTIVE_ARCH = YES;
				SDKROOT = iphoneos;
				SWIFT_ACTIVE_COMPILATION_CONDITIONS = DEBUG;
				SWIFT_OPTIMIZATION_LEVEL = "-Onone";
			};
			name = Debug;
		};
		5D3DB9F425E9ABED0083003A /* Release */ = {
			isa = XCBuildConfiguration;
			buildSettings = {
				ALWAYS_SEARCH_USER_PATHS = NO;
				CLANG_ANALYZER_NONNULL = YES;
				CLANG_ANALYZER_NUMBER_OBJECT_CONVERSION = YES_AGGRESSIVE;
				CLANG_CXX_LANGUAGE_STANDARD = "gnu++14";
				CLANG_CXX_LIBRARY = "libc++";
				CLANG_ENABLE_MODULES = YES;
				CLANG_ENABLE_OBJC_ARC = YES;
				CLANG_ENABLE_OBJC_WEAK = YES;
				CLANG_WARN_BLOCK_CAPTURE_AUTORELEASING = YES;
				CLANG_WARN_BOOL_CONVERSION = YES;
				CLANG_WARN_COMMA = YES;
				CLANG_WARN_CONSTANT_CONVERSION = YES;
				CLANG_WARN_DEPRECATED_OBJC_IMPLEMENTATIONS = YES;
				CLANG_WARN_DIRECT_OBJC_ISA_USAGE = YES_ERROR;
				CLANG_WARN_DOCUMENTATION_COMMENTS = YES;
				CLANG_WARN_EMPTY_BODY = YES;
				CLANG_WARN_ENUM_CONVERSION = YES;
				CLANG_WARN_INFINITE_RECURSION = YES;
				CLANG_WARN_INT_CONVERSION = YES;
				CLANG_WARN_NON_LITERAL_NULL_CONVERSION = YES;
				CLANG_WARN_OBJC_IMPLICIT_RETAIN_SELF = YES;
				CLANG_WARN_OBJC_LITERAL_CONVERSION = YES;
				CLANG_WARN_OBJC_ROOT_CLASS = YES_ERROR;
				CLANG_WARN_QUOTED_INCLUDE_IN_FRAMEWORK_HEADER = YES;
				CLANG_WARN_RANGE_LOOP_ANALYSIS = YES;
				CLANG_WARN_STRICT_PROTOTYPES = YES;
				CLANG_WARN_SUSPICIOUS_MOVE = YES;
				CLANG_WARN_UNGUARDED_AVAILABILITY = YES_AGGRESSIVE;
				CLANG_WARN_UNREACHABLE_CODE = YES;
				CLANG_WARN__DUPLICATE_METHOD_MATCH = YES;
				COPY_PHASE_STRIP = NO;
				DEBUG_INFORMATION_FORMAT = "dwarf-with-dsym";
				ENABLE_NS_ASSERTIONS = NO;
				ENABLE_STRICT_OBJC_MSGSEND = YES;
				GCC_C_LANGUAGE_STANDARD = gnu11;
				GCC_NO_COMMON_BLOCKS = YES;
				GCC_WARN_64_TO_32_BIT_CONVERSION = YES;
				GCC_WARN_ABOUT_RETURN_TYPE = YES_ERROR;
				GCC_WARN_UNDECLARED_SELECTOR = YES;
				GCC_WARN_UNINITIALIZED_AUTOS = YES_AGGRESSIVE;
				GCC_WARN_UNUSED_FUNCTION = YES;
				GCC_WARN_UNUSED_VARIABLE = YES;
				IPHONEOS_DEPLOYMENT_TARGET = 14.3;
				MTL_ENABLE_DEBUG_INFO = NO;
				MTL_FAST_MATH = YES;
				SDKROOT = iphoneos;
				SWIFT_COMPILATION_MODE = wholemodule;
				SWIFT_OPTIMIZATION_LEVEL = "-O";
				VALIDATE_PRODUCT = YES;
			};
			name = Release;
		};
		5D3DB9F625E9ABED0083003A /* Debug */ = {
			isa = XCBuildConfiguration;
			baseConfigurationReference = 144CE17DDEEE2FD41993D59D /* Pods-TecnicalTest.debug.xcconfig */;
			buildSettings = {
				ASSETCATALOG_COMPILER_APPICON_NAME = AppIcon;
				ASSETCATALOG_COMPILER_GLOBAL_ACCENT_COLOR_NAME = AccentColor;
				CODE_SIGN_STYLE = Automatic;
				DEVELOPMENT_TEAM = 4WL7U6V8HX;
				INFOPLIST_FILE = TecnicalTest/Info.plist;
				LD_RUNPATH_SEARCH_PATHS = (
					"$(inherited)",
					"@executable_path/Frameworks",
				);
				PRODUCT_BUNDLE_IDENTIFIER = home.TecnicalTest;
				PRODUCT_NAME = "$(TARGET_NAME)";
				SWIFT_VERSION = 5.0;
				TARGETED_DEVICE_FAMILY = "1,2";
			};
			name = Debug;
		};
		5D3DB9F725E9ABED0083003A /* Release */ = {
			isa = XCBuildConfiguration;
			baseConfigurationReference = 41159733496ED61CFC8FA0C4 /* Pods-TecnicalTest.release.xcconfig */;
			buildSettings = {
				ASSETCATALOG_COMPILER_APPICON_NAME = AppIcon;
				ASSETCATALOG_COMPILER_GLOBAL_ACCENT_COLOR_NAME = AccentColor;
				CODE_SIGN_STYLE = Automatic;
				DEVELOPMENT_TEAM = 4WL7U6V8HX;
				INFOPLIST_FILE = TecnicalTest/Info.plist;
				LD_RUNPATH_SEARCH_PATHS = (
					"$(inherited)",
					"@executable_path/Frameworks",
				);
				PRODUCT_BUNDLE_IDENTIFIER = home.TecnicalTest;
				PRODUCT_NAME = "$(TARGET_NAME)";
				SWIFT_VERSION = 5.0;
				TARGETED_DEVICE_FAMILY = "1,2";
			};
			name = Release;
		};
		5D3DB9F925E9ABED0083003A /* Debug */ = {
			isa = XCBuildConfiguration;
			baseConfigurationReference = 846E7ABEAFF7FB21A09B0824 /* Pods-TecnicalTestTests.debug.xcconfig */;
			buildSettings = {
				ALWAYS_EMBED_SWIFT_STANDARD_LIBRARIES = YES;
				BUNDLE_LOADER = "$(TEST_HOST)";
				CODE_SIGN_STYLE = Automatic;
				DEVELOPMENT_TEAM = 4WL7U6V8HX;
				INFOPLIST_FILE = TecnicalTestTests/Info.plist;
				IPHONEOS_DEPLOYMENT_TARGET = 14.3;
				LD_RUNPATH_SEARCH_PATHS = (
					"$(inherited)",
					"@executable_path/Frameworks",
					"@loader_path/Frameworks",
				);
				PRODUCT_BUNDLE_IDENTIFIER = home.TecnicalTestTests;
				PRODUCT_NAME = "$(TARGET_NAME)";
				SWIFT_VERSION = 5.0;
				TARGETED_DEVICE_FAMILY = "1,2";
				TEST_HOST = "$(BUILT_PRODUCTS_DIR)/TecnicalTest.app/TecnicalTest";
			};
			name = Debug;
		};
		5D3DB9FA25E9ABED0083003A /* Release */ = {
			isa = XCBuildConfiguration;
			baseConfigurationReference = BCF23942DBEFF5514F0DCC92 /* Pods-TecnicalTestTests.release.xcconfig */;
			buildSettings = {
				ALWAYS_EMBED_SWIFT_STANDARD_LIBRARIES = YES;
				BUNDLE_LOADER = "$(TEST_HOST)";
				CODE_SIGN_STYLE = Automatic;
				DEVELOPMENT_TEAM = 4WL7U6V8HX;
				INFOPLIST_FILE = TecnicalTestTests/Info.plist;
				IPHONEOS_DEPLOYMENT_TARGET = 14.3;
				LD_RUNPATH_SEARCH_PATHS = (
					"$(inherited)",
					"@executable_path/Frameworks",
					"@loader_path/Frameworks",
				);
				PRODUCT_BUNDLE_IDENTIFIER = home.TecnicalTestTests;
				PRODUCT_NAME = "$(TARGET_NAME)";
				SWIFT_VERSION = 5.0;
				TARGETED_DEVICE_FAMILY = "1,2";
				TEST_HOST = "$(BUILT_PRODUCTS_DIR)/TecnicalTest.app/TecnicalTest";
			};
			name = Release;
		};
		5D3DB9FC25E9ABED0083003A /* Debug */ = {
			isa = XCBuildConfiguration;
			baseConfigurationReference = 1A994ED7D80E0F7A05E30743 /* Pods-TecnicalTest-TecnicalTestUITests.debug.xcconfig */;
			buildSettings = {
				ALWAYS_EMBED_SWIFT_STANDARD_LIBRARIES = YES;
				CODE_SIGN_STYLE = Automatic;
				DEVELOPMENT_TEAM = 4WL7U6V8HX;
				INFOPLIST_FILE = TecnicalTestUITests/Info.plist;
				LD_RUNPATH_SEARCH_PATHS = (
					"$(inherited)",
					"@executable_path/Frameworks",
					"@loader_path/Frameworks",
				);
				PRODUCT_BUNDLE_IDENTIFIER = home.TecnicalTestUITests;
				PRODUCT_NAME = "$(TARGET_NAME)";
				SWIFT_VERSION = 5.0;
				TARGETED_DEVICE_FAMILY = "1,2";
				TEST_TARGET_NAME = TecnicalTest;
			};
			name = Debug;
		};
		5D3DB9FD25E9ABED0083003A /* Release */ = {
			isa = XCBuildConfiguration;
			baseConfigurationReference = FBF01BD6AA36255C7D66A112 /* Pods-TecnicalTest-TecnicalTestUITests.release.xcconfig */;
			buildSettings = {
				ALWAYS_EMBED_SWIFT_STANDARD_LIBRARIES = YES;
				CODE_SIGN_STYLE = Automatic;
				DEVELOPMENT_TEAM = 4WL7U6V8HX;
				INFOPLIST_FILE = TecnicalTestUITests/Info.plist;
				LD_RUNPATH_SEARCH_PATHS = (
					"$(inherited)",
					"@executable_path/Frameworks",
					"@loader_path/Frameworks",
				);
				PRODUCT_BUNDLE_IDENTIFIER = home.TecnicalTestUITests;
				PRODUCT_NAME = "$(TARGET_NAME)";
				SWIFT_VERSION = 5.0;
				TARGETED_DEVICE_FAMILY = "1,2";
				TEST_TARGET_NAME = TecnicalTest;
			};
			name = Release;
		};
/* End XCBuildConfiguration section */

/* Begin XCConfigurationList section */
		5D3DB9C625E9ABEC0083003A /* Build configuration list for PBXProject "TecnicalTest" */ = {
			isa = XCConfigurationList;
			buildConfigurations = (
				5D3DB9F325E9ABED0083003A /* Debug */,
				5D3DB9F425E9ABED0083003A /* Release */,
			);
			defaultConfigurationIsVisible = 0;
			defaultConfigurationName = Release;
		};
		5D3DB9F525E9ABED0083003A /* Build configuration list for PBXNativeTarget "TecnicalTest" */ = {
			isa = XCConfigurationList;
			buildConfigurations = (
				5D3DB9F625E9ABED0083003A /* Debug */,
				5D3DB9F725E9ABED0083003A /* Release */,
			);
			defaultConfigurationIsVisible = 0;
			defaultConfigurationName = Release;
		};
		5D3DB9F825E9ABED0083003A /* Build configuration list for PBXNativeTarget "TecnicalTestTests" */ = {
			isa = XCConfigurationList;
			buildConfigurations = (
				5D3DB9F925E9ABED0083003A /* Debug */,
				5D3DB9FA25E9ABED0083003A /* Release */,
			);
			defaultConfigurationIsVisible = 0;
			defaultConfigurationName = Release;
		};
		5D3DB9FB25E9ABED0083003A /* Build configuration list for PBXNativeTarget "TecnicalTestUITests" */ = {
			isa = XCConfigurationList;
			buildConfigurations = (
				5D3DB9FC25E9ABED0083003A /* Debug */,
				5D3DB9FD25E9ABED0083003A /* Release */,
			);
			defaultConfigurationIsVisible = 0;
			defaultConfigurationName = Release;
		};
/* End XCConfigurationList section */
	};
	rootObject = 5D3DB9C325E9ABEC0083003A /* Project object */;
}
